// !$*UTF8*$!
{
	archiveVersion = 1;
	classes = {
	};
	objectVersion = 51;
	objects = {

/* Begin PBXBuildFile section */
		07F97B7A49F03F217F3017AA /* Pods_bestpractices.framework in Frameworks */ = {isa = PBXBuildFile; fileRef = 3B80D0586B8E5060C8C02498 /* Pods_bestpractices.framework */; };
		2B21B34325E9EDC300EFEF1A /* AppDelegate.swift in Sources */ = {isa = PBXBuildFile; fileRef = 2B21B34225E9EDC300EFEF1A /* AppDelegate.swift */; };
		2B21B34725E9EDC300EFEF1A /* ViewController.swift in Sources */ = {isa = PBXBuildFile; fileRef = 2B21B34625E9EDC300EFEF1A /* ViewController.swift */; };
		2B21B34D25E9EDC300EFEF1A /* bestpractices.xcdatamodeld in Sources */ = {isa = PBXBuildFile; fileRef = 2B21B34B25E9EDC300EFEF1A /* bestpractices.xcdatamodeld */; };
		2B21B34F25E9EDC600EFEF1A /* Assets.xcassets in Resources */ = {isa = PBXBuildFile; fileRef = 2B21B34E25E9EDC600EFEF1A /* Assets.xcassets */; };
		2B21B35225E9EDC600EFEF1A /* LaunchScreen.storyboard in Resources */ = {isa = PBXBuildFile; fileRef = 2B21B35025E9EDC600EFEF1A /* LaunchScreen.storyboard */; };
		2B21B35D25E9EDC600EFEF1A /* bestpracticesTests.swift in Sources */ = {isa = PBXBuildFile; fileRef = 2B21B35C25E9EDC600EFEF1A /* bestpracticesTests.swift */; };
		2B21B36825E9EDC600EFEF1A /* bestpracticesUITests.swift in Sources */ = {isa = PBXBuildFile; fileRef = 2B21B36725E9EDC600EFEF1A /* bestpracticesUITests.swift */; };
		2B28E19125EB5BBC00A6E694 /* Networking+Private.swift in Sources */ = {isa = PBXBuildFile; fileRef = 2B28E18425EB5BBB00A6E694 /* Networking+Private.swift */; };
		2B28E19225EB5BBC00A6E694 /* Helpers.swift in Sources */ = {isa = PBXBuildFile; fileRef = 2B28E18525EB5BBB00A6E694 /* Helpers.swift */; };
		2B28E19325EB5BBC00A6E694 /* Image.swift in Sources */ = {isa = PBXBuildFile; fileRef = 2B28E18625EB5BBB00A6E694 /* Image.swift */; };
		2B28E19425EB5BBC00A6E694 /* Networking+HTTPRequests.swift in Sources */ = {isa = PBXBuildFile; fileRef = 2B28E18825EB5BBB00A6E694 /* Networking+HTTPRequests.swift */; };
		2B28E19525EB5BBC00A6E694 /* Response.swift in Sources */ = {isa = PBXBuildFile; fileRef = 2B28E18925EB5BBB00A6E694 /* Response.swift */; };
		2B28E19625EB5BBC00A6E694 /* NetworkActivityIndicator.swift in Sources */ = {isa = PBXBuildFile; fileRef = 2B28E18A25EB5BBB00A6E694 /* NetworkActivityIndicator.swift */; };
		2B28E19725EB5BBC00A6E694 /* FakeRequest.swift in Sources */ = {isa = PBXBuildFile; fileRef = 2B28E18B25EB5BBB00A6E694 /* FakeRequest.swift */; };
		2B28E19825EB5BBC00A6E694 /* JSON.swift in Sources */ = {isa = PBXBuildFile; fileRef = 2B28E18C25EB5BBB00A6E694 /* JSON.swift */; };
		2B28E19925EB5BBC00A6E694 /* Networking.swift in Sources */ = {isa = PBXBuildFile; fileRef = 2B28E18D25EB5BBB00A6E694 /* Networking.swift */; };
		2B28E19A25EB5BBC00A6E694 /* NetworkingResult.swift in Sources */ = {isa = PBXBuildFile; fileRef = 2B28E18E25EB5BBC00A6E694 /* NetworkingResult.swift */; };
		2B28E19B25EB5BBC00A6E694 /* FormDataPart.swift in Sources */ = {isa = PBXBuildFile; fileRef = 2B28E18F25EB5BBC00A6E694 /* FormDataPart.swift */; };
		2B28E19C25EB5BBC00A6E694 /* TestCheck.swift in Sources */ = {isa = PBXBuildFile; fileRef = 2B28E19025EB5BBC00A6E694 /* TestCheck.swift */; };
		2B28E1A125EB5DDF00A6E694 /* TrendingReposPresenter.swift in Sources */ = {isa = PBXBuildFile; fileRef = 2B28E1A025EB5DDF00A6E694 /* TrendingReposPresenter.swift */; };
		2B28E1B825EB68EB00A6E694 /* TrendingReposprenterTest.swift in Sources */ = {isa = PBXBuildFile; fileRef = 2B28E1B725EB68EB00A6E694 /* TrendingReposprenterTest.swift */; };
		2B28E1BE25EB6D7A00A6E694 /* NetworkTests.swift in Sources */ = {isa = PBXBuildFile; fileRef = 2B28E1BD25EB6D7A00A6E694 /* NetworkTests.swift */; };
		2B2FDF9325E9F3E400306E0A /* TrendingReposVC.swift in Sources */ = {isa = PBXBuildFile; fileRef = 2B2FDF9125E9F3E400306E0A /* TrendingReposVC.swift */; };
		2B2FDF9425E9F3E400306E0A /* TrendingReposVC.xib in Resources */ = {isa = PBXBuildFile; fileRef = 2B2FDF9225E9F3E400306E0A /* TrendingReposVC.xib */; };
		2B2FDF9925E9F54B00306E0A /* UIHelpers.swift in Sources */ = {isa = PBXBuildFile; fileRef = 2B2FDF9825E9F54B00306E0A /* UIHelpers.swift */; };
		2B2FDFA725E9FAA800306E0A /* TrendingReposTableViewCell.swift in Sources */ = {isa = PBXBuildFile; fileRef = 2B2FDFA525E9FAA800306E0A /* TrendingReposTableViewCell.swift */; };
		2B2FDFA825E9FAA800306E0A /* TrendingReposTableViewCell.xib in Resources */ = {isa = PBXBuildFile; fileRef = 2B2FDFA625E9FAA800306E0A /* TrendingReposTableViewCell.xib */; };
		2B2FDFBF25EA071400306E0A /* RepoLodingErrorView.swift in Sources */ = {isa = PBXBuildFile; fileRef = 2B2FDFBE25EA071400306E0A /* RepoLodingErrorView.swift */; };
		2B2FDFC425EA072400306E0A /* RepoLodingErrorView.xib in Resources */ = {isa = PBXBuildFile; fileRef = 2B2FDFC325EA072400306E0A /* RepoLodingErrorView.xib */; };
		2B3BAA1325EA354000436171 /* TrendingRepoViewControllerTests.swift in Sources */ = {isa = PBXBuildFile; fileRef = 2B3BAA1225EA354000436171 /* TrendingRepoViewControllerTests.swift */; };
		2B3BAA1D25EAAE2C00436171 /* TrendingRepoViewControllerTests.swift in Sources */ = {isa = PBXBuildFile; fileRef = 2B3BAA1C25EAAE2C00436171 /* TrendingRepoViewControllerTests.swift */; };
		2B3BAA2825EABA0200436171 /* LoadingErrorViewTests.swift in Sources */ = {isa = PBXBuildFile; fileRef = 2B3BAA2725EABA0200436171 /* LoadingErrorViewTests.swift */; };
		2B4874F825EA14380099B073 /* loadingError.json in Resources */ = {isa = PBXBuildFile; fileRef = 2B4874F725EA14380099B073 /* loadingError.json */; };
		2B4874FD25EA1A340099B073 /* Constants.swift in Sources */ = {isa = PBXBuildFile; fileRef = 2B4874FC25EA1A340099B073 /* Constants.swift */; };
		525054D6E7D11CA3BA750EFF /* Pods_bestpracticesTests.framework in Frameworks */ = {isa = PBXBuildFile; fileRef = C2B39CEB024C6D11C1AC0CBF /* Pods_bestpracticesTests.framework */; };
		E893781611E8CF36B635B027 /* Pods_bestpractices_bestpracticesUITests.framework in Frameworks */ = {isa = PBXBuildFile; fileRef = 9B5650D7DC97E16F4ECF4FEB /* Pods_bestpractices_bestpracticesUITests.framework */; };
/* End PBXBuildFile section */

/* Begin PBXContainerItemProxy section */
		2B21B35925E9EDC600EFEF1A /* PBXContainerItemProxy */ = {
			isa = PBXContainerItemProxy;
			containerPortal = 2B21B33725E9EDC300EFEF1A /* Project object */;
			proxyType = 1;
			remoteGlobalIDString = 2B21B33E25E9EDC300EFEF1A;
			remoteInfo = bestpractices;
		};
		2B21B36425E9EDC600EFEF1A /* PBXContainerItemProxy */ = {
			isa = PBXContainerItemProxy;
			containerPortal = 2B21B33725E9EDC300EFEF1A /* Project object */;
			proxyType = 1;
			remoteGlobalIDString = 2B21B33E25E9EDC300EFEF1A;
			remoteInfo = bestpractices;
		};
/* End PBXContainerItemProxy section */

/* Begin PBXFileReference section */
		2B21B33F25E9EDC300EFEF1A /* bestpractices.app */ = {isa = PBXFileReference; explicitFileType = wrapper.application; includeInIndex = 0; path = bestpractices.app; sourceTree = BUILT_PRODUCTS_DIR; };
		2B21B34225E9EDC300EFEF1A /* AppDelegate.swift */ = {isa = PBXFileReference; lastKnownFileType = sourcecode.swift; path = AppDelegate.swift; sourceTree = "<group>"; };
		2B21B34625E9EDC300EFEF1A /* ViewController.swift */ = {isa = PBXFileReference; lastKnownFileType = sourcecode.swift; path = ViewController.swift; sourceTree = "<group>"; };
		2B21B34C25E9EDC300EFEF1A /* bestpractices.xcdatamodel */ = {isa = PBXFileReference; lastKnownFileType = wrapper.xcdatamodel; path = bestpractices.xcdatamodel; sourceTree = "<group>"; };
		2B21B34E25E9EDC600EFEF1A /* Assets.xcassets */ = {isa = PBXFileReference; lastKnownFileType = folder.assetcatalog; path = Assets.xcassets; sourceTree = "<group>"; };
		2B21B35125E9EDC600EFEF1A /* Base */ = {isa = PBXFileReference; lastKnownFileType = file.storyboard; name = Base; path = Base.lproj/LaunchScreen.storyboard; sourceTree = "<group>"; };
		2B21B35325E9EDC600EFEF1A /* Info.plist */ = {isa = PBXFileReference; lastKnownFileType = text.plist.xml; path = Info.plist; sourceTree = "<group>"; };
		2B21B35825E9EDC600EFEF1A /* bestpracticesTests.xctest */ = {isa = PBXFileReference; explicitFileType = wrapper.cfbundle; includeInIndex = 0; path = bestpracticesTests.xctest; sourceTree = BUILT_PRODUCTS_DIR; };
		2B21B35C25E9EDC600EFEF1A /* bestpracticesTests.swift */ = {isa = PBXFileReference; lastKnownFileType = sourcecode.swift; path = bestpracticesTests.swift; sourceTree = "<group>"; };
		2B21B35E25E9EDC600EFEF1A /* Info.plist */ = {isa = PBXFileReference; lastKnownFileType = text.plist.xml; path = Info.plist; sourceTree = "<group>"; };
		2B21B36325E9EDC600EFEF1A /* bestpracticesUITests.xctest */ = {isa = PBXFileReference; explicitFileType = wrapper.cfbundle; includeInIndex = 0; path = bestpracticesUITests.xctest; sourceTree = BUILT_PRODUCTS_DIR; };
		2B21B36725E9EDC600EFEF1A /* bestpracticesUITests.swift */ = {isa = PBXFileReference; lastKnownFileType = sourcecode.swift; path = bestpracticesUITests.swift; sourceTree = "<group>"; };
		2B21B36925E9EDC600EFEF1A /* Info.plist */ = {isa = PBXFileReference; lastKnownFileType = text.plist.xml; path = Info.plist; sourceTree = "<group>"; };
		2B28E18425EB5BBB00A6E694 /* Networking+Private.swift */ = {isa = PBXFileReference; fileEncoding = 4; lastKnownFileType = sourcecode.swift; path = "Networking+Private.swift"; sourceTree = "<group>"; };
		2B28E18525EB5BBB00A6E694 /* Helpers.swift */ = {isa = PBXFileReference; fileEncoding = 4; lastKnownFileType = sourcecode.swift; path = Helpers.swift; sourceTree = "<group>"; };
		2B28E18625EB5BBB00A6E694 /* Image.swift */ = {isa = PBXFileReference; fileEncoding = 4; lastKnownFileType = sourcecode.swift; path = Image.swift; sourceTree = "<group>"; };
		2B28E18725EB5BBB00A6E694 /* Networking.h */ = {isa = PBXFileReference; fileEncoding = 4; lastKnownFileType = sourcecode.c.h; path = Networking.h; sourceTree = "<group>"; };
		2B28E18825EB5BBB00A6E694 /* Networking+HTTPRequests.swift */ = {isa = PBXFileReference; fileEncoding = 4; lastKnownFileType = sourcecode.swift; path = "Networking+HTTPRequests.swift"; sourceTree = "<group>"; };
		2B28E18925EB5BBB00A6E694 /* Response.swift */ = {isa = PBXFileReference; fileEncoding = 4; lastKnownFileType = sourcecode.swift; path = Response.swift; sourceTree = "<group>"; };
		2B28E18A25EB5BBB00A6E694 /* NetworkActivityIndicator.swift */ = {isa = PBXFileReference; fileEncoding = 4; lastKnownFileType = sourcecode.swift; path = NetworkActivityIndicator.swift; sourceTree = "<group>"; };
		2B28E18B25EB5BBB00A6E694 /* FakeRequest.swift */ = {isa = PBXFileReference; fileEncoding = 4; lastKnownFileType = sourcecode.swift; path = FakeRequest.swift; sourceTree = "<group>"; };
		2B28E18C25EB5BBB00A6E694 /* JSON.swift */ = {isa = PBXFileReference; fileEncoding = 4; lastKnownFileType = sourcecode.swift; path = JSON.swift; sourceTree = "<group>"; };
		2B28E18D25EB5BBB00A6E694 /* Networking.swift */ = {isa = PBXFileReference; fileEncoding = 4; lastKnownFileType = sourcecode.swift; path = Networking.swift; sourceTree = "<group>"; };
		2B28E18E25EB5BBC00A6E694 /* NetworkingResult.swift */ = {isa = PBXFileReference; fileEncoding = 4; lastKnownFileType = sourcecode.swift; path = NetworkingResult.swift; sourceTree = "<group>"; };
		2B28E18F25EB5BBC00A6E694 /* FormDataPart.swift */ = {isa = PBXFileReference; fileEncoding = 4; lastKnownFileType = sourcecode.swift; path = FormDataPart.swift; sourceTree = "<group>"; };
		2B28E19025EB5BBC00A6E694 /* TestCheck.swift */ = {isa = PBXFileReference; fileEncoding = 4; lastKnownFileType = sourcecode.swift; path = TestCheck.swift; sourceTree = "<group>"; };
		2B28E1A025EB5DDF00A6E694 /* TrendingReposPresenter.swift */ = {isa = PBXFileReference; lastKnownFileType = sourcecode.swift; path = TrendingReposPresenter.swift; sourceTree = "<group>"; };
		2B28E1B725EB68EB00A6E694 /* TrendingReposprenterTest.swift */ = {isa = PBXFileReference; lastKnownFileType = sourcecode.swift; path = TrendingReposprenterTest.swift; sourceTree = "<group>"; };
		2B28E1BD25EB6D7A00A6E694 /* NetworkTests.swift */ = {isa = PBXFileReference; lastKnownFileType = sourcecode.swift; path = NetworkTests.swift; sourceTree = "<group>"; };
		2B2FDF9125E9F3E400306E0A /* TrendingReposVC.swift */ = {isa = PBXFileReference; lastKnownFileType = sourcecode.swift; path = TrendingReposVC.swift; sourceTree = "<group>"; };
		2B2FDF9225E9F3E400306E0A /* TrendingReposVC.xib */ = {isa = PBXFileReference; lastKnownFileType = file.xib; path = TrendingReposVC.xib; sourceTree = "<group>"; };
		2B2FDF9825E9F54B00306E0A /* UIHelpers.swift */ = {isa = PBXFileReference; lastKnownFileType = sourcecode.swift; path = UIHelpers.swift; sourceTree = "<group>"; };
		2B2FDFA525E9FAA800306E0A /* TrendingReposTableViewCell.swift */ = {isa = PBXFileReference; lastKnownFileType = sourcecode.swift; path = TrendingReposTableViewCell.swift; sourceTree = "<group>"; };
		2B2FDFA625E9FAA800306E0A /* TrendingReposTableViewCell.xib */ = {isa = PBXFileReference; lastKnownFileType = file.xib; path = TrendingReposTableViewCell.xib; sourceTree = "<group>"; };
		2B2FDFBE25EA071400306E0A /* RepoLodingErrorView.swift */ = {isa = PBXFileReference; lastKnownFileType = sourcecode.swift; path = RepoLodingErrorView.swift; sourceTree = "<group>"; };
		2B2FDFC325EA072400306E0A /* RepoLodingErrorView.xib */ = {isa = PBXFileReference; lastKnownFileType = file.xib; path = RepoLodingErrorView.xib; sourceTree = "<group>"; };
		2B3BAA1225EA354000436171 /* TrendingRepoViewControllerTests.swift */ = {isa = PBXFileReference; lastKnownFileType = sourcecode.swift; path = TrendingRepoViewControllerTests.swift; sourceTree = "<group>"; };
		2B3BAA1C25EAAE2C00436171 /* TrendingRepoViewControllerTests.swift */ = {isa = PBXFileReference; lastKnownFileType = sourcecode.swift; path = TrendingRepoViewControllerTests.swift; sourceTree = "<group>"; };
		2B3BAA2725EABA0200436171 /* LoadingErrorViewTests.swift */ = {isa = PBXFileReference; lastKnownFileType = sourcecode.swift; path = LoadingErrorViewTests.swift; sourceTree = "<group>"; };
		2B4874F725EA14380099B073 /* loadingError.json */ = {isa = PBXFileReference; fileEncoding = 4; lastKnownFileType = text.json; path = loadingError.json; sourceTree = "<group>"; };
		2B4874FC25EA1A340099B073 /* Constants.swift */ = {isa = PBXFileReference; lastKnownFileType = sourcecode.swift; path = Constants.swift; sourceTree = "<group>"; };
		3B80D0586B8E5060C8C02498 /* Pods_bestpractices.framework */ = {isa = PBXFileReference; explicitFileType = wrapper.framework; includeInIndex = 0; path = Pods_bestpractices.framework; sourceTree = BUILT_PRODUCTS_DIR; };
		5BB0D0D169AD70C39AED307A /* Pods-bestpracticesTests.release.xcconfig */ = {isa = PBXFileReference; includeInIndex = 1; lastKnownFileType = text.xcconfig; name = "Pods-bestpracticesTests.release.xcconfig"; path = "Target Support Files/Pods-bestpracticesTests/Pods-bestpracticesTests.release.xcconfig"; sourceTree = "<group>"; };
		6CB6AEBD4146E95FD93EF2AD /* Pods-bestpractices.release.xcconfig */ = {isa = PBXFileReference; includeInIndex = 1; lastKnownFileType = text.xcconfig; name = "Pods-bestpractices.release.xcconfig"; path = "Target Support Files/Pods-bestpractices/Pods-bestpractices.release.xcconfig"; sourceTree = "<group>"; };
		9026146E32124405719594A9 /* Pods-bestpractices.debug.xcconfig */ = {isa = PBXFileReference; includeInIndex = 1; lastKnownFileType = text.xcconfig; name = "Pods-bestpractices.debug.xcconfig"; path = "Target Support Files/Pods-bestpractices/Pods-bestpractices.debug.xcconfig"; sourceTree = "<group>"; };
		9B5650D7DC97E16F4ECF4FEB /* Pods_bestpractices_bestpracticesUITests.framework */ = {isa = PBXFileReference; explicitFileType = wrapper.framework; includeInIndex = 0; path = Pods_bestpractices_bestpracticesUITests.framework; sourceTree = BUILT_PRODUCTS_DIR; };
		A68B2836F7666356DC869881 /* Pods-bestpracticesTests.debug.xcconfig */ = {isa = PBXFileReference; includeInIndex = 1; lastKnownFileType = text.xcconfig; name = "Pods-bestpracticesTests.debug.xcconfig"; path = "Target Support Files/Pods-bestpracticesTests/Pods-bestpracticesTests.debug.xcconfig"; sourceTree = "<group>"; };
		BF5EAAC70EAEEEAB28FA23D2 /* Pods-bestpractices-bestpracticesUITests.release.xcconfig */ = {isa = PBXFileReference; includeInIndex = 1; lastKnownFileType = text.xcconfig; name = "Pods-bestpractices-bestpracticesUITests.release.xcconfig"; path = "Target Support Files/Pods-bestpractices-bestpracticesUITests/Pods-bestpractices-bestpracticesUITests.release.xcconfig"; sourceTree = "<group>"; };
		C2B39CEB024C6D11C1AC0CBF /* Pods_bestpracticesTests.framework */ = {isa = PBXFileReference; explicitFileType = wrapper.framework; includeInIndex = 0; path = Pods_bestpracticesTests.framework; sourceTree = BUILT_PRODUCTS_DIR; };
		E02E2E252B60D560F84A1BF7 /* Pods-bestpractices-bestpracticesUITests.debug.xcconfig */ = {isa = PBXFileReference; includeInIndex = 1; lastKnownFileType = text.xcconfig; name = "Pods-bestpractices-bestpracticesUITests.debug.xcconfig"; path = "Target Support Files/Pods-bestpractices-bestpracticesUITests/Pods-bestpractices-bestpracticesUITests.debug.xcconfig"; sourceTree = "<group>"; };
/* End PBXFileReference section */

/* Begin PBXFrameworksBuildPhase section */
		2B21B33C25E9EDC300EFEF1A /* Frameworks */ = {
			isa = PBXFrameworksBuildPhase;
			buildActionMask = 2147483647;
			files = (
				07F97B7A49F03F217F3017AA /* Pods_bestpractices.framework in Frameworks */,
			);
			runOnlyForDeploymentPostprocessing = 0;
		};
		2B21B35525E9EDC600EFEF1A /* Frameworks */ = {
			isa = PBXFrameworksBuildPhase;
			buildActionMask = 2147483647;
			files = (
				525054D6E7D11CA3BA750EFF /* Pods_bestpracticesTests.framework in Frameworks */,
			);
			runOnlyForDeploymentPostprocessing = 0;
		};
		2B21B36025E9EDC600EFEF1A /* Frameworks */ = {
			isa = PBXFrameworksBuildPhase;
			buildActionMask = 2147483647;
			files = (
				E893781611E8CF36B635B027 /* Pods_bestpractices_bestpracticesUITests.framework in Frameworks */,
			);
			runOnlyForDeploymentPostprocessing = 0;
		};
/* End PBXFrameworksBuildPhase section */

/* Begin PBXGroup section */
		2B21B33625E9EDC300EFEF1A = {
			isa = PBXGroup;
			children = (
				2B21B34125E9EDC300EFEF1A /* bestpractices */,
				2B21B35B25E9EDC600EFEF1A /* bestpracticesTests */,
				2B21B36625E9EDC600EFEF1A /* bestpracticesUITests */,
				2B21B34025E9EDC300EFEF1A /* Products */,
				6F118DF5338B6F15D576DB16 /* Pods */,
				B834171CD2E84D340CBA2595 /* Frameworks */,
			);
			sourceTree = "<group>";
		};
		2B21B34025E9EDC300EFEF1A /* Products */ = {
			isa = PBXGroup;
			children = (
				2B21B33F25E9EDC300EFEF1A /* bestpractices.app */,
				2B21B35825E9EDC600EFEF1A /* bestpracticesTests.xctest */,
				2B21B36325E9EDC600EFEF1A /* bestpracticesUITests.xctest */,
			);
			name = Products;
			sourceTree = "<group>";
		};
		2B21B34125E9EDC300EFEF1A /* bestpractices */ = {
			isa = PBXGroup;
			children = (
				2B2FDFD025EA123E00306E0A /* Resource */,
				2B21B37825E9EE9400EFEF1A /* Application */,
				2B2FDF7425E9F0EA00306E0A /* Screens */,
				2B2FDF7825E9F13E00306E0A /* Utils */,
				2B2FDF7A25E9F15300306E0A /* DataBase */,
				2B2FDF7925E9F14700306E0A /* Network */,
				2B21B35025E9EDC600EFEF1A /* LaunchScreen.storyboard */,
				2B21B35325E9EDC600EFEF1A /* Info.plist */,
				2B21B34B25E9EDC300EFEF1A /* bestpractices.xcdatamodeld */,
			);
			path = bestpractices;
			sourceTree = "<group>";
		};
		2B21B35B25E9EDC600EFEF1A /* bestpracticesTests */ = {
			isa = PBXGroup;
			children = (
				2B3BAA1725EAADC100436171 /* App */,
				2B21B35C25E9EDC600EFEF1A /* bestpracticesTests.swift */,
				2B21B35E25E9EDC600EFEF1A /* Info.plist */,
			);
			path = bestpracticesTests;
			sourceTree = "<group>";
		};
		2B21B36625E9EDC600EFEF1A /* bestpracticesUITests */ = {
			isa = PBXGroup;
			children = (
				2B25E6CD25EA2E9400BC1D96 /* Views */,
				2B21B36725E9EDC600EFEF1A /* bestpracticesUITests.swift */,
				2B21B36925E9EDC600EFEF1A /* Info.plist */,
			);
			path = bestpracticesUITests;
			sourceTree = "<group>";
		};
		2B21B37825E9EE9400EFEF1A /* Application */ = {
			isa = PBXGroup;
			children = (
				2B21B34225E9EDC300EFEF1A /* AppDelegate.swift */,
			);
			path = Application;
			sourceTree = "<group>";
		};
		2B25E6CD25EA2E9400BC1D96 /* Views */ = {
			isa = PBXGroup;
			children = (
				2B3BAA0225EA341D00436171 /* TrendingRepos */,
			);
			path = Views;
			sourceTree = "<group>";
		};
		2B28E1AB25EB68A300A6E694 /* Presenter */ = {
			isa = PBXGroup;
			children = (
				2B28E1B725EB68EB00A6E694 /* TrendingReposprenterTest.swift */,
			);
			path = Presenter;
			sourceTree = "<group>";
		};
		2B28E1BC25EB6D5A00A6E694 /* NetWork */ = {
			isa = PBXGroup;
			children = (
				2B28E1BD25EB6D7A00A6E694 /* NetworkTests.swift */,
			);
			path = NetWork;
			sourceTree = "<group>";
		};
		2B2FDF7425E9F0EA00306E0A /* Screens */ = {
			isa = PBXGroup;
			children = (
				2B2FDF8125E9F1E600306E0A /* TrendingRepos */,
				2B21B34625E9EDC300EFEF1A /* ViewController.swift */,
			);
			path = Screens;
			sourceTree = "<group>";
		};
		2B2FDF7825E9F13E00306E0A /* Utils */ = {
			isa = PBXGroup;
			children = (
				2B2FDF9825E9F54B00306E0A /* UIHelpers.swift */,
				2B4874FC25EA1A340099B073 /* Constants.swift */,
			);
			path = Utils;
			sourceTree = "<group>";
		};
		2B2FDF7925E9F14700306E0A /* Network */ = {
			isa = PBXGroup;
			children = (
				2B28E18B25EB5BBB00A6E694 /* FakeRequest.swift */,
				2B28E18F25EB5BBC00A6E694 /* FormDataPart.swift */,
				2B28E18525EB5BBB00A6E694 /* Helpers.swift */,
				2B28E18625EB5BBB00A6E694 /* Image.swift */,
				2B28E18C25EB5BBB00A6E694 /* JSON.swift */,
				2B28E18A25EB5BBB00A6E694 /* NetworkActivityIndicator.swift */,
				2B28E18725EB5BBB00A6E694 /* Networking.h */,
				2B28E18D25EB5BBB00A6E694 /* Networking.swift */,
				2B28E18825EB5BBB00A6E694 /* Networking+HTTPRequests.swift */,
				2B28E18425EB5BBB00A6E694 /* Networking+Private.swift */,
				2B28E18E25EB5BBC00A6E694 /* NetworkingResult.swift */,
				2B28E18925EB5BBB00A6E694 /* Response.swift */,
				2B28E19025EB5BBC00A6E694 /* TestCheck.swift */,
			);
			path = Network;
			sourceTree = "<group>";
		};
		2B2FDF7A25E9F15300306E0A /* DataBase */ = {
			isa = PBXGroup;
			children = (
			);
			path = DataBase;
			sourceTree = "<group>";
		};
		2B2FDF8125E9F1E600306E0A /* TrendingRepos */ = {
			isa = PBXGroup;
			children = (
				2B2FDF8425E9F20D00306E0A /* Presenter */,
				2B2FDF8225E9F1F900306E0A /* Model */,
				2B2FDF8325E9F20500306E0A /* View */,
			);
			path = TrendingRepos;
			sourceTree = "<group>";
		};
		2B2FDF8225E9F1F900306E0A /* Model */ = {
			isa = PBXGroup;
			children = (
			);
			path = Model;
			sourceTree = "<group>";
		};
		2B2FDF8325E9F20500306E0A /* View */ = {
			isa = PBXGroup;
			children = (
				2B2FDF8625E9F25200306E0A /* Reuseable + Helper */,
				2B2FDF8525E9F24000306E0A /* Controller */,
			);
			path = View;
			sourceTree = "<group>";
		};
		2B2FDF8425E9F20D00306E0A /* Presenter */ = {
			isa = PBXGroup;
			children = (
				2B28E1A025EB5DDF00A6E694 /* TrendingReposPresenter.swift */,
			);
			path = Presenter;
			sourceTree = "<group>";
		};
		2B2FDF8525E9F24000306E0A /* Controller */ = {
			isa = PBXGroup;
			children = (
				2B2FDF9125E9F3E400306E0A /* TrendingReposVC.swift */,
				2B2FDF9225E9F3E400306E0A /* TrendingReposVC.xib */,
			);
			path = Controller;
			sourceTree = "<group>";
		};
		2B2FDF8625E9F25200306E0A /* Reuseable + Helper */ = {
			isa = PBXGroup;
			children = (
				2B2FDFA525E9FAA800306E0A /* TrendingReposTableViewCell.swift */,
				2B2FDFA625E9FAA800306E0A /* TrendingReposTableViewCell.xib */,
				2B2FDFBE25EA071400306E0A /* RepoLodingErrorView.swift */,
				2B2FDFC325EA072400306E0A /* RepoLodingErrorView.xib */,
			);
			path = "Reuseable + Helper";
			sourceTree = "<group>";
		};
		2B2FDFD025EA123E00306E0A /* Resource */ = {
			isa = PBXGroup;
			children = (
				2B4874F725EA14380099B073 /* loadingError.json */,
				2B21B34E25E9EDC600EFEF1A /* Assets.xcassets */,
			);
			path = Resource;
			sourceTree = "<group>";
		};
		2B3BAA0225EA341D00436171 /* TrendingRepos */ = {
			isa = PBXGroup;
			children = (
				2B3BAA0425EA343700436171 /* Views */,
				2B3BAA0325EA342900436171 /* Controller */,
			);
			path = TrendingRepos;
			sourceTree = "<group>";
		};
		2B3BAA0325EA342900436171 /* Controller */ = {
			isa = PBXGroup;
			children = (
				2B3BAA1225EA354000436171 /* TrendingRepoViewControllerTests.swift */,
			);
			path = Controller;
			sourceTree = "<group>";
		};
		2B3BAA0425EA343700436171 /* Views */ = {
			isa = PBXGroup;
			children = (
			);
			path = Views;
			sourceTree = "<group>";
		};
		2B3BAA1725EAADC100436171 /* App */ = {
			isa = PBXGroup;
			children = (
				2B28E1BC25EB6D5A00A6E694 /* NetWork */,
				2B28E1AB25EB68A300A6E694 /* Presenter */,
				2B3BAA1925EAADD900436171 /* Views */,
			);
			path = App;
			sourceTree = "<group>";
		};
		2B3BAA1925EAADD900436171 /* Views */ = {
			isa = PBXGroup;
			children = (
				2B3BAA1A25EAADE400436171 /* Trending */,
			);
			path = Views;
			sourceTree = "<group>";
		};
		2B3BAA1A25EAADE400436171 /* Trending */ = {
			isa = PBXGroup;
			children = (
				2B3BAA2425EAB9B600436171 /* Views */,
				2B3BAA1B25EAAE0100436171 /* Controllers */,
			);
			path = Trending;
			sourceTree = "<group>";
		};
		2B3BAA1B25EAAE0100436171 /* Controllers */ = {
			isa = PBXGroup;
			children = (
				2B3BAA1C25EAAE2C00436171 /* TrendingRepoViewControllerTests.swift */,
			);
			path = Controllers;
			sourceTree = "<group>";
		};
		2B3BAA2425EAB9B600436171 /* Views */ = {
			isa = PBXGroup;
			children = (
				2B3BAA2725EABA0200436171 /* LoadingErrorViewTests.swift */,
			);
			path = Views;
			sourceTree = "<group>";
		};
		6F118DF5338B6F15D576DB16 /* Pods */ = {
			isa = PBXGroup;
			children = (
				9026146E32124405719594A9 /* Pods-bestpractices.debug.xcconfig */,
				6CB6AEBD4146E95FD93EF2AD /* Pods-bestpractices.release.xcconfig */,
				E02E2E252B60D560F84A1BF7 /* Pods-bestpractices-bestpracticesUITests.debug.xcconfig */,
				BF5EAAC70EAEEEAB28FA23D2 /* Pods-bestpractices-bestpracticesUITests.release.xcconfig */,
				A68B2836F7666356DC869881 /* Pods-bestpracticesTests.debug.xcconfig */,
				5BB0D0D169AD70C39AED307A /* Pods-bestpracticesTests.release.xcconfig */,
			);
			path = Pods;
			sourceTree = "<group>";
		};
		B834171CD2E84D340CBA2595 /* Frameworks */ = {
			isa = PBXGroup;
			children = (
				3B80D0586B8E5060C8C02498 /* Pods_bestpractices.framework */,
				9B5650D7DC97E16F4ECF4FEB /* Pods_bestpractices_bestpracticesUITests.framework */,
				C2B39CEB024C6D11C1AC0CBF /* Pods_bestpracticesTests.framework */,
			);
			name = Frameworks;
			sourceTree = "<group>";
		};
/* End PBXGroup section */

/* Begin PBXNativeTarget section */
		2B21B33E25E9EDC300EFEF1A /* bestpractices */ = {
			isa = PBXNativeTarget;
			buildConfigurationList = 2B21B36C25E9EDC600EFEF1A /* Build configuration list for PBXNativeTarget "bestpractices" */;
			buildPhases = (
				B77F9F0D5E2013DAF2C11215 /* [CP] Check Pods Manifest.lock */,
				2B21B33B25E9EDC300EFEF1A /* Sources */,
				2B21B33C25E9EDC300EFEF1A /* Frameworks */,
				2B21B33D25E9EDC300EFEF1A /* Resources */,
				FB90A993565DF19B2A3F709B /* [CP] Embed Pods Frameworks */,
			);
			buildRules = (
			);
			dependencies = (
			);
			name = bestpractices;
			productName = bestpractices;
			productReference = 2B21B33F25E9EDC300EFEF1A /* bestpractices.app */;
			productType = "com.apple.product-type.application";
		};
		2B21B35725E9EDC600EFEF1A /* bestpracticesTests */ = {
			isa = PBXNativeTarget;
			buildConfigurationList = 2B21B36F25E9EDC600EFEF1A /* Build configuration list for PBXNativeTarget "bestpracticesTests" */;
			buildPhases = (
				FEFFD5F99ABFF281FD11390C /* [CP] Check Pods Manifest.lock */,
				2B21B35425E9EDC600EFEF1A /* Sources */,
				2B21B35525E9EDC600EFEF1A /* Frameworks */,
				2B21B35625E9EDC600EFEF1A /* Resources */,
			);
			buildRules = (
			);
			dependencies = (
				2B21B35A25E9EDC600EFEF1A /* PBXTargetDependency */,
			);
			name = bestpracticesTests;
			productName = bestpracticesTests;
			productReference = 2B21B35825E9EDC600EFEF1A /* bestpracticesTests.xctest */;
			productType = "com.apple.product-type.bundle.unit-test";
		};
		2B21B36225E9EDC600EFEF1A /* bestpracticesUITests */ = {
			isa = PBXNativeTarget;
			buildConfigurationList = 2B21B37225E9EDC600EFEF1A /* Build configuration list for PBXNativeTarget "bestpracticesUITests" */;
			buildPhases = (
				2A988D9194A7067D69F56BE6 /* [CP] Check Pods Manifest.lock */,
				2B21B35F25E9EDC600EFEF1A /* Sources */,
				2B21B36025E9EDC600EFEF1A /* Frameworks */,
				2B21B36125E9EDC600EFEF1A /* Resources */,
				31C2109F3D2FFAC67EEA0254 /* [CP] Embed Pods Frameworks */,
			);
			buildRules = (
			);
			dependencies = (
				2B21B36525E9EDC600EFEF1A /* PBXTargetDependency */,
			);
			name = bestpracticesUITests;
			productName = bestpracticesUITests;
			productReference = 2B21B36325E9EDC600EFEF1A /* bestpracticesUITests.xctest */;
			productType = "com.apple.product-type.bundle.ui-testing";
		};
/* End PBXNativeTarget section */

/* Begin PBXProject section */
		2B21B33725E9EDC300EFEF1A /* Project object */ = {
			isa = PBXProject;
			attributes = {
				LastSwiftUpdateCheck = 1230;
				LastUpgradeCheck = 1230;
				TargetAttributes = {
					2B21B33E25E9EDC300EFEF1A = {
						CreatedOnToolsVersion = 12.3;
					};
					2B21B35725E9EDC600EFEF1A = {
						CreatedOnToolsVersion = 12.3;
						TestTargetID = 2B21B33E25E9EDC300EFEF1A;
					};
					2B21B36225E9EDC600EFEF1A = {
						CreatedOnToolsVersion = 12.3;
						TestTargetID = 2B21B33E25E9EDC300EFEF1A;
					};
				};
			};
			buildConfigurationList = 2B21B33A25E9EDC300EFEF1A /* Build configuration list for PBXProject "bestpractices" */;
			compatibilityVersion = "Xcode 9.3";
			developmentRegion = en;
			hasScannedForEncodings = 0;
			knownRegions = (
				en,
				Base,
			);
			mainGroup = 2B21B33625E9EDC300EFEF1A;
			productRefGroup = 2B21B34025E9EDC300EFEF1A /* Products */;
			projectDirPath = "";
			projectRoot = "";
			targets = (
				2B21B33E25E9EDC300EFEF1A /* bestpractices */,
				2B21B35725E9EDC600EFEF1A /* bestpracticesTests */,
				2B21B36225E9EDC600EFEF1A /* bestpracticesUITests */,
			);
		};
/* End PBXProject section */

/* Begin PBXResourcesBuildPhase section */
		2B21B33D25E9EDC300EFEF1A /* Resources */ = {
			isa = PBXResourcesBuildPhase;
			buildActionMask = 2147483647;
			files = (
				2B21B35225E9EDC600EFEF1A /* LaunchScreen.storyboard in Resources */,
				2B2FDF9425E9F3E400306E0A /* TrendingReposVC.xib in Resources */,
				2B2FDFA825E9FAA800306E0A /* TrendingReposTableViewCell.xib in Resources */,
				2B2FDFC425EA072400306E0A /* RepoLodingErrorView.xib in Resources */,
				2B21B34F25E9EDC600EFEF1A /* Assets.xcassets in Resources */,
				2B4874F825EA14380099B073 /* loadingError.json in Resources */,
			);
			runOnlyForDeploymentPostprocessing = 0;
		};
		2B21B35625E9EDC600EFEF1A /* Resources */ = {
			isa = PBXResourcesBuildPhase;
			buildActionMask = 2147483647;
			files = (
			);
			runOnlyForDeploymentPostprocessing = 0;
		};
		2B21B36125E9EDC600EFEF1A /* Resources */ = {
			isa = PBXResourcesBuildPhase;
			buildActionMask = 2147483647;
			files = (
			);
			runOnlyForDeploymentPostprocessing = 0;
		};
/* End PBXResourcesBuildPhase section */

/* Begin PBXShellScriptBuildPhase section */
		2A988D9194A7067D69F56BE6 /* [CP] Check Pods Manifest.lock */ = {
			isa = PBXShellScriptBuildPhase;
			buildActionMask = 2147483647;
			files = (
			);
			inputFileListPaths = (
			);
			inputPaths = (
				"${PODS_PODFILE_DIR_PATH}/Podfile.lock",
				"${PODS_ROOT}/Manifest.lock",
			);
			name = "[CP] Check Pods Manifest.lock";
			outputFileListPaths = (
			);
			outputPaths = (
				"$(DERIVED_FILE_DIR)/Pods-bestpractices-bestpracticesUITests-checkManifestLockResult.txt",
			);
			runOnlyForDeploymentPostprocessing = 0;
			shellPath = /bin/sh;
			shellScript = "diff \"${PODS_PODFILE_DIR_PATH}/Podfile.lock\" \"${PODS_ROOT}/Manifest.lock\" > /dev/null\nif [ $? != 0 ] ; then\n    # print error to STDERR\n    echo \"error: The sandbox is not in sync with the Podfile.lock. Run 'pod install' or update your CocoaPods installation.\" >&2\n    exit 1\nfi\n# This output is used by Xcode 'outputs' to avoid re-running this script phase.\necho \"SUCCESS\" > \"${SCRIPT_OUTPUT_FILE_0}\"\n";
			showEnvVarsInLog = 0;
		};
		31C2109F3D2FFAC67EEA0254 /* [CP] Embed Pods Frameworks */ = {
			isa = PBXShellScriptBuildPhase;
			buildActionMask = 2147483647;
			files = (
			);
			inputFileListPaths = (
				"${PODS_ROOT}/Target Support Files/Pods-bestpractices-bestpracticesUITests/Pods-bestpractices-bestpracticesUITests-frameworks-${CONFIGURATION}-input-files.xcfilelist",
			);
			name = "[CP] Embed Pods Frameworks";
			outputFileListPaths = (
				"${PODS_ROOT}/Target Support Files/Pods-bestpractices-bestpracticesUITests/Pods-bestpractices-bestpracticesUITests-frameworks-${CONFIGURATION}-output-files.xcfilelist",
			);
			runOnlyForDeploymentPostprocessing = 0;
			shellPath = /bin/sh;
			shellScript = "\"${PODS_ROOT}/Target Support Files/Pods-bestpractices-bestpracticesUITests/Pods-bestpractices-bestpracticesUITests-frameworks.sh\"\n";
			showEnvVarsInLog = 0;
		};
		B77F9F0D5E2013DAF2C11215 /* [CP] Check Pods Manifest.lock */ = {
			isa = PBXShellScriptBuildPhase;
			buildActionMask = 2147483647;
			files = (
			);
			inputFileListPaths = (
			);
			inputPaths = (
				"${PODS_PODFILE_DIR_PATH}/Podfile.lock",
				"${PODS_ROOT}/Manifest.lock",
			);
			name = "[CP] Check Pods Manifest.lock";
			outputFileListPaths = (
			);
			outputPaths = (
				"$(DERIVED_FILE_DIR)/Pods-bestpractices-checkManifestLockResult.txt",
			);
			runOnlyForDeploymentPostprocessing = 0;
			shellPath = /bin/sh;
			shellScript = "diff \"${PODS_PODFILE_DIR_PATH}/Podfile.lock\" \"${PODS_ROOT}/Manifest.lock\" > /dev/null\nif [ $? != 0 ] ; then\n    # print error to STDERR\n    echo \"error: The sandbox is not in sync with the Podfile.lock. Run 'pod install' or update your CocoaPods installation.\" >&2\n    exit 1\nfi\n# This output is used by Xcode 'outputs' to avoid re-running this script phase.\necho \"SUCCESS\" > \"${SCRIPT_OUTPUT_FILE_0}\"\n";
			showEnvVarsInLog = 0;
		};
		FB90A993565DF19B2A3F709B /* [CP] Embed Pods Frameworks */ = {
			isa = PBXShellScriptBuildPhase;
			buildActionMask = 2147483647;
			files = (
			);
			inputFileListPaths = (
				"${PODS_ROOT}/Target Support Files/Pods-bestpractices/Pods-bestpractices-frameworks-${CONFIGURATION}-input-files.xcfilelist",
			);
			name = "[CP] Embed Pods Frameworks";
			outputFileListPaths = (
				"${PODS_ROOT}/Target Support Files/Pods-bestpractices/Pods-bestpractices-frameworks-${CONFIGURATION}-output-files.xcfilelist",
			);
			runOnlyForDeploymentPostprocessing = 0;
			shellPath = /bin/sh;
			shellScript = "\"${PODS_ROOT}/Target Support Files/Pods-bestpractices/Pods-bestpractices-frameworks.sh\"\n";
			showEnvVarsInLog = 0;
		};
		FEFFD5F99ABFF281FD11390C /* [CP] Check Pods Manifest.lock */ = {
			isa = PBXShellScriptBuildPhase;
			buildActionMask = 2147483647;
			files = (
			);
			inputFileListPaths = (
			);
			inputPaths = (
				"${PODS_PODFILE_DIR_PATH}/Podfile.lock",
				"${PODS_ROOT}/Manifest.lock",
			);
			name = "[CP] Check Pods Manifest.lock";
			outputFileListPaths = (
			);
			outputPaths = (
				"$(DERIVED_FILE_DIR)/Pods-bestpracticesTests-checkManifestLockResult.txt",
			);
			runOnlyForDeploymentPostprocessing = 0;
			shellPath = /bin/sh;
			shellScript = "diff \"${PODS_PODFILE_DIR_PATH}/Podfile.lock\" \"${PODS_ROOT}/Manifest.lock\" > /dev/null\nif [ $? != 0 ] ; then\n    # print error to STDERR\n    echo \"error: The sandbox is not in sync with the Podfile.lock. Run 'pod install' or update your CocoaPods installation.\" >&2\n    exit 1\nfi\n# This output is used by Xcode 'outputs' to avoid re-running this script phase.\necho \"SUCCESS\" > \"${SCRIPT_OUTPUT_FILE_0}\"\n";
			showEnvVarsInLog = 0;
		};
/* End PBXShellScriptBuildPhase section */

/* Begin PBXSourcesBuildPhase section */
		2B21B33B25E9EDC300EFEF1A /* Sources */ = {
			isa = PBXSourcesBuildPhase;
			buildActionMask = 2147483647;
			files = (
				2B28E19C25EB5BBC00A6E694 /* TestCheck.swift in Sources */,
				2B28E19B25EB5BBC00A6E694 /* FormDataPart.swift in Sources */,
				2B2FDFBF25EA071400306E0A /* RepoLodingErrorView.swift in Sources */,
				2B2FDFA725E9FAA800306E0A /* TrendingReposTableViewCell.swift in Sources */,
				2B28E19925EB5BBC00A6E694 /* Networking.swift in Sources */,
				2B21B34725E9EDC300EFEF1A /* ViewController.swift in Sources */,
				2B28E19425EB5BBC00A6E694 /* Networking+HTTPRequests.swift in Sources */,
				2B28E19225EB5BBC00A6E694 /* Helpers.swift in Sources */,
				2B28E19A25EB5BBC00A6E694 /* NetworkingResult.swift in Sources */,
				2B28E19125EB5BBC00A6E694 /* Networking+Private.swift in Sources */,
				2B28E19525EB5BBC00A6E694 /* Response.swift in Sources */,
				2B28E19625EB5BBC00A6E694 /* NetworkActivityIndicator.swift in Sources */,
				2B2FDF9325E9F3E400306E0A /* TrendingReposVC.swift in Sources */,
				2B21B34325E9EDC300EFEF1A /* AppDelegate.swift in Sources */,
				2B2FDF9925E9F54B00306E0A /* UIHelpers.swift in Sources */,
				2B21B34D25E9EDC300EFEF1A /* bestpractices.xcdatamodeld in Sources */,
				2B28E1A125EB5DDF00A6E694 /* TrendingReposPresenter.swift in Sources */,
				2B28E19725EB5BBC00A6E694 /* FakeRequest.swift in Sources */,
				2B28E19325EB5BBC00A6E694 /* Image.swift in Sources */,
				2B4874FD25EA1A340099B073 /* Constants.swift in Sources */,
				2B28E19825EB5BBC00A6E694 /* JSON.swift in Sources */,
			);
			runOnlyForDeploymentPostprocessing = 0;
		};
		2B21B35425E9EDC600EFEF1A /* Sources */ = {
			isa = PBXSourcesBuildPhase;
			buildActionMask = 2147483647;
			files = (
				2B3BAA2825EABA0200436171 /* LoadingErrorViewTests.swift in Sources */,
				2B28E1B825EB68EB00A6E694 /* TrendingReposprenterTest.swift in Sources */,
				2B28E1BE25EB6D7A00A6E694 /* NetworkTests.swift in Sources */,
				2B21B35D25E9EDC600EFEF1A /* bestpracticesTests.swift in Sources */,
				2B3BAA1D25EAAE2C00436171 /* TrendingRepoViewControllerTests.swift in Sources */,
			);
			runOnlyForDeploymentPostprocessing = 0;
		};
		2B21B35F25E9EDC600EFEF1A /* Sources */ = {
			isa = PBXSourcesBuildPhase;
			buildActionMask = 2147483647;
			files = (
				2B21B36825E9EDC600EFEF1A /* bestpracticesUITests.swift in Sources */,
				2B3BAA1325EA354000436171 /* TrendingRepoViewControllerTests.swift in Sources */,
			);
			runOnlyForDeploymentPostprocessing = 0;
		};
/* End PBXSourcesBuildPhase section */

/* Begin PBXTargetDependency section */
		2B21B35A25E9EDC600EFEF1A /* PBXTargetDependency */ = {
			isa = PBXTargetDependency;
			target = 2B21B33E25E9EDC300EFEF1A /* bestpractices */;
			targetProxy = 2B21B35925E9EDC600EFEF1A /* PBXContainerItemProxy */;
		};
		2B21B36525E9EDC600EFEF1A /* PBXTargetDependency */ = {
			isa = PBXTargetDependency;
			target = 2B21B33E25E9EDC300EFEF1A /* bestpractices */;
			targetProxy = 2B21B36425E9EDC600EFEF1A /* PBXContainerItemProxy */;
		};
/* End PBXTargetDependency section */

/* Begin PBXVariantGroup section */
		2B21B35025E9EDC600EFEF1A /* LaunchScreen.storyboard */ = {
			isa = PBXVariantGroup;
			children = (
				2B21B35125E9EDC600EFEF1A /* Base */,
			);
			name = LaunchScreen.storyboard;
			sourceTree = "<group>";
		};
/* End PBXVariantGroup section */

/* Begin XCBuildConfiguration section */
		2B21B36A25E9EDC600EFEF1A /* Debug */ = {
			isa = XCBuildConfiguration;
			buildSettings = {
				ALWAYS_SEARCH_USER_PATHS = NO;
				CLANG_ANALYZER_NONNULL = YES;
				CLANG_ANALYZER_NUMBER_OBJECT_CONVERSION = YES_AGGRESSIVE;
				CLANG_CXX_LANGUAGE_STANDARD = "gnu++14";
				CLANG_CXX_LIBRARY = "libc++";
				CLANG_ENABLE_MODULES = YES;
				CLANG_ENABLE_OBJC_ARC = YES;
				CLANG_ENABLE_OBJC_WEAK = YES;
				CLANG_WARN_BLOCK_CAPTURE_AUTORELEASING = YES;
				CLANG_WARN_BOOL_CONVERSION = YES;
				CLANG_WARN_COMMA = YES;
				CLANG_WARN_CONSTANT_CONVERSION = YES;
				CLANG_WARN_DEPRECATED_OBJC_IMPLEMENTATIONS = YES;
				CLANG_WARN_DIRECT_OBJC_ISA_USAGE = YES_ERROR;
				CLANG_WARN_DOCUMENTATION_COMMENTS = YES;
				CLANG_WARN_EMPTY_BODY = YES;
				CLANG_WARN_ENUM_CONVERSION = YES;
				CLANG_WARN_INFINITE_RECURSION = YES;
				CLANG_WARN_INT_CONVERSION = YES;
				CLANG_WARN_NON_LITERAL_NULL_CONVERSION = YES;
				CLANG_WARN_OBJC_IMPLICIT_RETAIN_SELF = YES;
				CLANG_WARN_OBJC_LITERAL_CONVERSION = YES;
				CLANG_WARN_OBJC_ROOT_CLASS = YES_ERROR;
				CLANG_WARN_QUOTED_INCLUDE_IN_FRAMEWORK_HEADER = YES;
				CLANG_WARN_RANGE_LOOP_ANALYSIS = YES;
				CLANG_WARN_STRICT_PROTOTYPES = YES;
				CLANG_WARN_SUSPICIOUS_MOVE = YES;
				CLANG_WARN_UNGUARDED_AVAILABILITY = YES_AGGRESSIVE;
				CLANG_WARN_UNREACHABLE_CODE = YES;
				CLANG_WARN__DUPLICATE_METHOD_MATCH = YES;
				COPY_PHASE_STRIP = NO;
				DEBUG_INFORMATION_FORMAT = dwarf;
				ENABLE_STRICT_OBJC_MSGSEND = YES;
				ENABLE_TESTABILITY = YES;
				GCC_C_LANGUAGE_STANDARD = gnu11;
				GCC_DYNAMIC_NO_PIC = NO;
				GCC_NO_COMMON_BLOCKS = YES;
				GCC_OPTIMIZATION_LEVEL = 0;
				GCC_PREPROCESSOR_DEFINITIONS = (
					"DEBUG=1",
					"$(inherited)",
				);
				GCC_WARN_64_TO_32_BIT_CONVERSION = YES;
				GCC_WARN_ABOUT_RETURN_TYPE = YES_ERROR;
				GCC_WARN_UNDECLARED_SELECTOR = YES;
				GCC_WARN_UNINITIALIZED_AUTOS = YES_AGGRESSIVE;
				GCC_WARN_UNUSED_FUNCTION = YES;
				GCC_WARN_UNUSED_VARIABLE = YES;
				IPHONEOS_DEPLOYMENT_TARGET = 14.3;
				MTL_ENABLE_DEBUG_INFO = INCLUDE_SOURCE;
				MTL_FAST_MATH = YES;
				ONLY_ACTIVE_ARCH = YES;
				SDKROOT = iphoneos;
				SWIFT_ACTIVE_COMPILATION_CONDITIONS = DEBUG;
				SWIFT_OPTIMIZATION_LEVEL = "-Onone";
			};
			name = Debug;
		};
		2B21B36B25E9EDC600EFEF1A /* Release */ = {
			isa = XCBuildConfiguration;
			buildSettings = {
				ALWAYS_SEARCH_USER_PATHS = NO;
				CLANG_ANALYZER_NONNULL = YES;
				CLANG_ANALYZER_NUMBER_OBJECT_CONVERSION = YES_AGGRESSIVE;
				CLANG_CXX_LANGUAGE_STANDARD = "gnu++14";
				CLANG_CXX_LIBRARY = "libc++";
				CLANG_ENABLE_MODULES = YES;
				CLANG_ENABLE_OBJC_ARC = YES;
				CLANG_ENABLE_OBJC_WEAK = YES;
				CLANG_WARN_BLOCK_CAPTURE_AUTORELEASING = YES;
				CLANG_WARN_BOOL_CONVERSION = YES;
				CLANG_WARN_COMMA = YES;
				CLANG_WARN_CONSTANT_CONVERSION = YES;
				CLANG_WARN_DEPRECATED_OBJC_IMPLEMENTATIONS = YES;
				CLANG_WARN_DIRECT_OBJC_ISA_USAGE = YES_ERROR;
				CLANG_WARN_DOCUMENTATION_COMMENTS = YES;
				CLANG_WARN_EMPTY_BODY = YES;
				CLANG_WARN_ENUM_CONVERSION = YES;
				CLANG_WARN_INFINITE_RECURSION = YES;
				CLANG_WARN_INT_CONVERSION = YES;
				CLANG_WARN_NON_LITERAL_NULL_CONVERSION = YES;
				CLANG_WARN_OBJC_IMPLICIT_RETAIN_SELF = YES;
				CLANG_WARN_OBJC_LITERAL_CONVERSION = YES;
				CLANG_WARN_OBJC_ROOT_CLASS = YES_ERROR;
				CLANG_WARN_QUOTED_INCLUDE_IN_FRAMEWORK_HEADER = YES;
				CLANG_WARN_RANGE_LOOP_ANALYSIS = YES;
				CLANG_WARN_STRICT_PROTOTYPES = YES;
				CLANG_WARN_SUSPICIOUS_MOVE = YES;
				CLANG_WARN_UNGUARDED_AVAILABILITY = YES_AGGRESSIVE;
				CLANG_WARN_UNREACHABLE_CODE = YES;
				CLANG_WARN__DUPLICATE_METHOD_MATCH = YES;
				COPY_PHASE_STRIP = NO;
				DEBUG_INFORMATION_FORMAT = "dwarf-with-dsym";
				ENABLE_NS_ASSERTIONS = NO;
				ENABLE_STRICT_OBJC_MSGSEND = YES;
				GCC_C_LANGUAGE_STANDARD = gnu11;
				GCC_NO_COMMON_BLOCKS = YES;
				GCC_WARN_64_TO_32_BIT_CONVERSION = YES;
				GCC_WARN_ABOUT_RETURN_TYPE = YES_ERROR;
				GCC_WARN_UNDECLARED_SELECTOR = YES;
				GCC_WARN_UNINITIALIZED_AUTOS = YES_AGGRESSIVE;
				GCC_WARN_UNUSED_FUNCTION = YES;
				GCC_WARN_UNUSED_VARIABLE = YES;
				IPHONEOS_DEPLOYMENT_TARGET = 14.3;
				MTL_ENABLE_DEBUG_INFO = NO;
				MTL_FAST_MATH = YES;
				SDKROOT = iphoneos;
				SWIFT_COMPILATION_MODE = wholemodule;
				SWIFT_OPTIMIZATION_LEVEL = "-O";
				VALIDATE_PRODUCT = YES;
			};
			name = Release;
		};
		2B21B36D25E9EDC600EFEF1A /* Debug */ = {
			isa = XCBuildConfiguration;
			baseConfigurationReference = 9026146E32124405719594A9 /* Pods-bestpractices.debug.xcconfig */;
			buildSettings = {
				ASSETCATALOG_COMPILER_APPICON_NAME = AppIcon;
				ASSETCATALOG_COMPILER_GLOBAL_ACCENT_COLOR_NAME = AccentColor;
				CODE_SIGN_STYLE = Automatic;
				INFOPLIST_FILE = bestpractices/Info.plist;
				IPHONEOS_DEPLOYMENT_TARGET = 12.0;
				LD_RUNPATH_SEARCH_PATHS = (
					"$(inherited)",
					"@executable_path/Frameworks",
				);
				PRODUCT_BUNDLE_IDENTIFIER = com.test.bestpractices;
				PRODUCT_NAME = "$(TARGET_NAME)";
				SWIFT_VERSION = 5.0;
				TARGETED_DEVICE_FAMILY = 1;
			};
			name = Debug;
		};
		2B21B36E25E9EDC600EFEF1A /* Release */ = {
			isa = XCBuildConfiguration;
			baseConfigurationReference = 6CB6AEBD4146E95FD93EF2AD /* Pods-bestpractices.release.xcconfig */;
			buildSettings = {
				ASSETCATALOG_COMPILER_APPICON_NAME = AppIcon;
				ASSETCATALOG_COMPILER_GLOBAL_ACCENT_COLOR_NAME = AccentColor;
				CODE_SIGN_STYLE = Automatic;
				INFOPLIST_FILE = bestpractices/Info.plist;
				IPHONEOS_DEPLOYMENT_TARGET = 12.0;
				LD_RUNPATH_SEARCH_PATHS = (
					"$(inherited)",
					"@executable_path/Frameworks",
				);
				PRODUCT_BUNDLE_IDENTIFIER = com.test.bestpractices;
				PRODUCT_NAME = "$(TARGET_NAME)";
				SWIFT_VERSION = 5.0;
				TARGETED_DEVICE_FAMILY = 1;
			};
			name = Release;
		};
		2B21B37025E9EDC600EFEF1A /* Debug */ = {
			isa = XCBuildConfiguration;
			baseConfigurationReference = A68B2836F7666356DC869881 /* Pods-bestpracticesTests.debug.xcconfig */;
			buildSettings = {
				ALWAYS_EMBED_SWIFT_STANDARD_LIBRARIES = YES;
				BUNDLE_LOADER = "$(TEST_HOST)";
				CODE_SIGN_STYLE = Automatic;
				INFOPLIST_FILE = bestpracticesTests/Info.plist;
				IPHONEOS_DEPLOYMENT_TARGET = 14.3;
				LD_RUNPATH_SEARCH_PATHS = (
					"$(inherited)",
					"@executable_path/Frameworks",
					"@loader_path/Frameworks",
				);
				PRODUCT_BUNDLE_IDENTIFIER = com.test.bestpracticesTests;
				PRODUCT_NAME = "$(TARGET_NAME)";
				SWIFT_VERSION = 5.0;
				TARGETED_DEVICE_FAMILY = "1,2";
				TEST_HOST = "$(BUILT_PRODUCTS_DIR)/bestpractices.app/bestpractices";
			};
			name = Debug;
		};
		2B21B37125E9EDC600EFEF1A /* Release */ = {
			isa = XCBuildConfiguration;
			baseConfigurationReference = 5BB0D0D169AD70C39AED307A /* Pods-bestpracticesTests.release.xcconfig */;
			buildSettings = {
				ALWAYS_EMBED_SWIFT_STANDARD_LIBRARIES = YES;
				BUNDLE_LOADER = "$(TEST_HOST)";
				CODE_SIGN_STYLE = Automatic;
				INFOPLIST_FILE = bestpracticesTests/Info.plist;
				IPHONEOS_DEPLOYMENT_TARGET = 14.3;
				LD_RUNPATH_SEARCH_PATHS = (
					"$(inherited)",
					"@executable_path/Frameworks",
					"@loader_path/Frameworks",
				);
				PRODUCT_BUNDLE_IDENTIFIER = com.test.bestpracticesTests;
				PRODUCT_NAME = "$(TARGET_NAME)";
				SWIFT_VERSION = 5.0;
				TARGETED_DEVICE_FAMILY = "1,2";
				TEST_HOST = "$(BUILT_PRODUCTS_DIR)/bestpractices.app/bestpractices";
			};
			name = Release;
		};
		2B21B37325E9EDC600EFEF1A /* Debug */ = {
			isa = XCBuildConfiguration;
			baseConfigurationReference = E02E2E252B60D560F84A1BF7 /* Pods-bestpractices-bestpracticesUITests.debug.xcconfig */;
			buildSettings = {
				ALWAYS_EMBED_SWIFT_STANDARD_LIBRARIES = YES;
				CODE_SIGN_STYLE = Automatic;
				INFOPLIST_FILE = bestpracticesUITests/Info.plist;
				LD_RUNPATH_SEARCH_PATHS = (
					"$(inherited)",
					"@executable_path/Frameworks",
					"@loader_path/Frameworks",
				);
				PRODUCT_BUNDLE_IDENTIFIER = com.test.bestpracticesUITests;
				PRODUCT_NAME = "$(TARGET_NAME)";
				SWIFT_VERSION = 5.0;
				TARGETED_DEVICE_FAMILY = "1,2";
				TEST_TARGET_NAME = bestpractices;
			};
			name = Debug;
		};
		2B21B37425E9EDC600EFEF1A /* Release */ = {
			isa = XCBuildConfiguration;
			baseConfigurationReference = BF5EAAC70EAEEEAB28FA23D2 /* Pods-bestpractices-bestpracticesUITests.release.xcconfig */;
			buildSettings = {
				ALWAYS_EMBED_SWIFT_STANDARD_LIBRARIES = YES;
				CODE_SIGN_STYLE = Automatic;
				INFOPLIST_FILE = bestpracticesUITests/Info.plist;
				LD_RUNPATH_SEARCH_PATHS = (
					"$(inherited)",
					"@executable_path/Frameworks",
					"@loader_path/Frameworks",
				);
				PRODUCT_BUNDLE_IDENTIFIER = com.test.bestpracticesUITests;
				PRODUCT_NAME = "$(TARGET_NAME)";
				SWIFT_VERSION = 5.0;
				TARGETED_DEVICE_FAMILY = "1,2";
				TEST_TARGET_NAME = bestpractices;
			};
			name = Release;
		};
/* End XCBuildConfiguration section */

/* Begin XCConfigurationList section */
		2B21B33A25E9EDC300EFEF1A /* Build configuration list for PBXProject "bestpractices" */ = {
			isa = XCConfigurationList;
			buildConfigurations = (
				2B21B36A25E9EDC600EFEF1A /* Debug */,
				2B21B36B25E9EDC600EFEF1A /* Release */,
			);
			defaultConfigurationIsVisible = 0;
			defaultConfigurationName = Release;
		};
		2B21B36C25E9EDC600EFEF1A /* Build configuration list for PBXNativeTarget "bestpractices" */ = {
			isa = XCConfigurationList;
			buildConfigurations = (
				2B21B36D25E9EDC600EFEF1A /* Debug */,
				2B21B36E25E9EDC600EFEF1A /* Release */,
			);
			defaultConfigurationIsVisible = 0;
			defaultConfigurationName = Release;
		};
		2B21B36F25E9EDC600EFEF1A /* Build configuration list for PBXNativeTarget "bestpracticesTests" */ = {
			isa = XCConfigurationList;
			buildConfigurations = (
				2B21B37025E9EDC600EFEF1A /* Debug */,
				2B21B37125E9EDC600EFEF1A /* Release */,
			);
			defaultConfigurationIsVisible = 0;
			defaultConfigurationName = Release;
		};
		2B21B37225E9EDC600EFEF1A /* Build configuration list for PBXNativeTarget "bestpracticesUITests" */ = {
			isa = XCConfigurationList;
			buildConfigurations = (
				2B21B37325E9EDC600EFEF1A /* Debug */,
				2B21B37425E9EDC600EFEF1A /* Release */,
			);
			defaultConfigurationIsVisible = 0;
			defaultConfigurationName = Release;
		};
/* End XCConfigurationList section */

/* Begin XCVersionGroup section */
		2B21B34B25E9EDC300EFEF1A /* bestpractices.xcdatamodeld */ = {
			isa = XCVersionGroup;
			children = (
				2B21B34C25E9EDC300EFEF1A /* bestpractices.xcdatamodel */,
			);
			currentVersion = 2B21B34C25E9EDC300EFEF1A /* bestpractices.xcdatamodel */;
			path = bestpractices.xcdatamodeld;
			sourceTree = "<group>";
			versionGroupType = wrapper.xcdatamodel;
		};
/* End XCVersionGroup section */
	};
	rootObject = 2B21B33725E9EDC300EFEF1A /* Project object */;
}
